
Microsoft Visual Studio Solution File, Format Version 12.00
# Visual Studio 2012
Project("{2150E333-8FDC-42A3-9474-1A3956D46DE8}") = "Core", "Core", "{E7366D21-CEBE-4C42-8DEC-7322F4947356}"
EndProject
Project("{2150E333-8FDC-42A3-9474-1A3956D46DE8}") = "Test", "Test", "{6ACBACAB-09CB-4A7C-8487-3032370E643E}"
EndProject
Project("{FAE04EC0-301F-11D3-BF4B-00C04F79EFBC}") = "Renegade", "Test\Renegade\Renegade.csproj", "{42078D00-0420-409A-B018-2C9313AAF24F}"
EndProject
Project("{2150E333-8FDC-42A3-9474-1A3956D46DE8}") = "Base", "Base", "{C8812CB3-6B10-48F7-9D0B-DE97B03BAB2C}"
EndProject
Project("{2150E333-8FDC-42A3-9474-1A3956D46DE8}") = "Common", "Common", "{1E0CECDD-1B3E-44BF-9F9B-7796A892AABF}"
EndProject
Project("{FAE04EC0-301F-11D3-BF4B-00C04F79EFBC}") = "Corn", "Core\Base\Corn\Corn.csproj", "{55BAA9A8-AAB9-4E08-A7FC-6E2F2D2B2CA0}"
EndProject
Project("{FAE04EC0-301F-11D3-BF4B-00C04F79EFBC}") = "Corn", "Core\Common\Corn\Corn.csproj", "{78669521-21BC-4631-9EC8-8922B0705DE8}"
EndProject
Global
	GlobalSection(SolutionConfigurationPlatforms) = preSolution
		Debug|Any CPU = Debug|Any CPU
		Debug|x64 = Debug|x64
		Release|Any CPU = Release|Any CPU
		Release|x64 = Release|x64
	EndGlobalSection
	GlobalSection(ProjectConfigurationPlatforms) = postSolution
		{42078D00-0420-409A-B018-2C9313AAF24F}.Debug|Any CPU.ActiveCfg = Debug|Any CPU
		{42078D00-0420-409A-B018-2C9313AAF24F}.Debug|Any CPU.Build.0 = Debug|Any CPU
		{42078D00-0420-409A-B018-2C9313AAF24F}.Debug|x64.ActiveCfg = Debug|Any CPU
		{42078D00-0420-409A-B018-2C9313AAF24F}.Debug|x64.Build.0 = Debug|Any CPU
		{42078D00-0420-409A-B018-2C9313AAF24F}.Release|Any CPU.ActiveCfg = Release|Any CPU
		{42078D00-0420-409A-B018-2C9313AAF24F}.Release|Any CPU.Build.0 = Release|Any CPU
		{42078D00-0420-409A-B018-2C9313AAF24F}.Release|x64.ActiveCfg = Release|x64
		{42078D00-0420-409A-B018-2C9313AAF24F}.Release|x64.Build.0 = Release|x64
		{55BAA9A8-AAB9-4E08-A7FC-6E2F2D2B2CA0}.Debug|Any CPU.ActiveCfg = Debug|Any CPU
		{55BAA9A8-AAB9-4E08-A7FC-6E2F2D2B2CA0}.Debug|Any CPU.Build.0 = Debug|Any CPU
		{55BAA9A8-AAB9-4E08-A7FC-6E2F2D2B2CA0}.Debug|x64.ActiveCfg = Debug|Any CPU
		{55BAA9A8-AAB9-4E08-A7FC-6E2F2D2B2CA0}.Debug|x64.Build.0 = Debug|Any CPU
		{55BAA9A8-AAB9-4E08-A7FC-6E2F2D2B2CA0}.Release|Any CPU.ActiveCfg = Release|Any CPU
		{55BAA9A8-AAB9-4E08-A7FC-6E2F2D2B2CA0}.Release|Any CPU.Build.0 = Release|Any CPU
		{55BAA9A8-AAB9-4E08-A7FC-6E2F2D2B2CA0}.Release|x64.ActiveCfg = Release|x64
		{55BAA9A8-AAB9-4E08-A7FC-6E2F2D2B2CA0}.Release|x64.Build.0 = Release|x64
		{78669521-21BC-4631-9EC8-8922B0705DE8}.Debug|Any CPU.ActiveCfg = Debug|Any CPU
		{78669521-21BC-4631-9EC8-8922B0705DE8}.Debug|Any CPU.Build.0 = Debug|Any CPU
		{78669521-21BC-4631-9EC8-8922B0705DE8}.Debug|x64.ActiveCfg = Debug|Any CPU
		{78669521-21BC-4631-9EC8-8922B0705DE8}.Debug|x64.Build.0 = Debug|Any CPU
		{78669521-21BC-4631-9EC8-8922B0705DE8}.Release|Any CPU.ActiveCfg = Release|Any CPU
		{78669521-21BC-4631-9EC8-8922B0705DE8}.Release|Any CPU.Build.0 = Release|Any CPU
		{78669521-21BC-4631-9EC8-8922B0705DE8}.Release|x64.ActiveCfg = Release|x64
		{78669521-21BC-4631-9EC8-8922B0705DE8}.Release|x64.Build.0 = Release|x64
	EndGlobalSection
	GlobalSection(SolutionProperties) = preSolution
		HideSolutionNode = FALSE
	EndGlobalSection
	GlobalSection(NestedProjects) = preSolution
		{C8812CB3-6B10-48F7-9D0B-DE97B03BAB2C} = {E7366D21-CEBE-4C42-8DEC-7322F4947356}
		{1E0CECDD-1B3E-44BF-9F9B-7796A892AABF} = {E7366D21-CEBE-4C42-8DEC-7322F4947356}
		{42078D00-0420-409A-B018-2C9313AAF24F} = {6ACBACAB-09CB-4A7C-8487-3032370E643E}
		{55BAA9A8-AAB9-4E08-A7FC-6E2F2D2B2CA0} = {C8812CB3-6B10-48F7-9D0B-DE97B03BAB2C}
		{78669521-21BC-4631-9EC8-8922B0705DE8} = {1E0CECDD-1B3E-44BF-9F9B-7796A892AABF}
	EndGlobalSection
EndGlobal
